// !$*UTF8*$!
{
	archiveVersion = 1;
	classes = {
	};
	objectVersion = 50;
	objects = {

/* Begin PBXBuildFile section */
		B9E49A2B265BCB69006164A4 /* AppDelegate.swift in Sources */ = {isa = PBXBuildFile; fileRef = B9E49A2A265BCB69006164A4 /* AppDelegate.swift */; };
		B9E49A2D265BCB69006164A4 /* SceneDelegate.swift in Sources */ = {isa = PBXBuildFile; fileRef = B9E49A2C265BCB69006164A4 /* SceneDelegate.swift */; };
		B9E49A2F265BCB69006164A4 /* ViewController.swift in Sources */ = {isa = PBXBuildFile; fileRef = B9E49A2E265BCB69006164A4 /* ViewController.swift */; };
		B9E49A32265BCB69006164A4 /* Main.storyboard in Resources */ = {isa = PBXBuildFile; fileRef = B9E49A30265BCB69006164A4 /* Main.storyboard */; };
		B9E49A34265BCB6C006164A4 /* Assets.xcassets in Resources */ = {isa = PBXBuildFile; fileRef = B9E49A33265BCB6C006164A4 /* Assets.xcassets */; };
		B9E49A37265BCB6C006164A4 /* LaunchScreen.storyboard in Resources */ = {isa = PBXBuildFile; fileRef = B9E49A35265BCB6C006164A4 /* LaunchScreen.storyboard */; };
		B9E49A3F265BFB7C006164A4 /* AppViewController.swift in Sources */ = {isa = PBXBuildFile; fileRef = B9E49A3E265BFB7C006164A4 /* AppViewController.swift */; };
/* End PBXBuildFile section */

/* Begin PBXFileReference section */
		B9E49A27265BCB69006164A4 /* AlarmPrototype.app */ = {isa = PBXFileReference; explicitFileType = wrapper.application; includeInIndex = 0; path = AlarmPrototype.app; sourceTree = BUILT_PRODUCTS_DIR; };
		B9E49A2A265BCB69006164A4 /* AppDelegate.swift */ = {isa = PBXFileReference; lastKnownFileType = sourcecode.swift; path = AppDelegate.swift; sourceTree = "<group>"; };
		B9E49A2C265BCB69006164A4 /* SceneDelegate.swift */ = {isa = PBXFileReference; lastKnownFileType = sourcecode.swift; path = SceneDelegate.swift; sourceTree = "<group>"; };
		B9E49A2E265BCB69006164A4 /* ViewController.swift */ = {isa = PBXFileReference; lastKnownFileType = sourcecode.swift; path = ViewController.swift; sourceTree = "<group>"; };
		B9E49A31265BCB69006164A4 /* Base */ = {isa = PBXFileReference; lastKnownFileType = file.storyboard; name = Base; path = Base.lproj/Main.storyboard; sourceTree = "<group>"; };
		B9E49A33265BCB6C006164A4 /* Assets.xcassets */ = {isa = PBXFileReference; lastKnownFileType = folder.assetcatalog; path = Assets.xcassets; sourceTree = "<group>"; };
		B9E49A36265BCB6C006164A4 /* Base */ = {isa = PBXFileReference; lastKnownFileType = file.storyboard; name = Base; path = Base.lproj/LaunchScreen.storyboard; sourceTree = "<group>"; };
		B9E49A38265BCB6C006164A4 /* Info.plist */ = {isa = PBXFileReference; lastKnownFileType = text.plist.xml; path = Info.plist; sourceTree = "<group>"; };
		B9E49A3E265BFB7C006164A4 /* AppViewController.swift */ = {isa = PBXFileReference; lastKnownFileType = sourcecode.swift; path = AppViewController.swift; sourceTree = "<group>"; };
/* End PBXFileReference section */

/* Begin PBXFrameworksBuildPhase section */
		B9E49A24265BCB69006164A4 /* Frameworks */ = {
			isa = PBXFrameworksBuildPhase;
			buildActionMask = 2147483647;
			files = (
			);
			runOnlyForDeploymentPostprocessing = 0;
		};
/* End PBXFrameworksBuildPhase section */

/* Begin PBXGroup section */
		B9E49A1E265BCB69006164A4 = {
			isa = PBXGroup;
			children = (
				B9E49A29265BCB69006164A4 /* AlarmPrototype */,
				B9E49A28265BCB69006164A4 /* Products */,
			);
			sourceTree = "<group>";
		};
		B9E49A28265BCB69006164A4 /* Products */ = {
			isa = PBXGroup;
			children = (
				B9E49A27265BCB69006164A4 /* AlarmPrototype.app */,
			);
			name = Products;
			sourceTree = "<group>";
		};
		B9E49A29265BCB69006164A4 /* AlarmPrototype */ = {
			isa = PBXGroup;
			children = (
				B9E49A2A265BCB69006164A4 /* AppDelegate.swift */,
				B9E49A2C265BCB69006164A4 /* SceneDelegate.swift */,
				B9E49A3E265BFB7C006164A4 /* AppViewController.swift */,
				B9E49A2E265BCB69006164A4 /* ViewController.swift */,
				B9E49A30265BCB69006164A4 /* Main.storyboard */,
				B9E49A33265BCB6C006164A4 /* Assets.xcassets */,
				B9E49A35265BCB6C006164A4 /* LaunchScreen.storyboard */,
				B9E49A38265BCB6C006164A4 /* Info.plist */,
			);
			path = AlarmPrototype;
			sourceTree = "<group>";
		};
/* End PBXGroup section */

/* Begin PBXNativeTarget section */
		B9E49A26265BCB69006164A4 /* AlarmPrototype */ = {
			isa = PBXNativeTarget;
			buildConfigurationList = B9E49A3B265BCB6C006164A4 /* Build configuration list for PBXNativeTarget "AlarmPrototype" */;
			buildPhases = (
				B9E49A23265BCB69006164A4 /* Sources */,
				B9E49A24265BCB69006164A4 /* Frameworks */,
				B9E49A25265BCB69006164A4 /* Resources */,
			);
			buildRules = (
			);
			dependencies = (
			);
			name = AlarmPrototype;
			productName = AlarmPrototype;
			productReference = B9E49A27265BCB69006164A4 /* AlarmPrototype.app */;
			productType = "com.apple.product-type.application";
		};
/* End PBXNativeTarget section */

/* Begin PBXProject section */
		B9E49A1F265BCB69006164A4 /* Project object */ = {
			isa = PBXProject;
			attributes = {
				LastSwiftUpdateCheck = 1250;
				LastUpgradeCheck = 1250;
				TargetAttributes = {
					B9E49A26265BCB69006164A4 = {
						CreatedOnToolsVersion = 12.5;
					};
				};
			};
			buildConfigurationList = B9E49A22265BCB69006164A4 /* Build configuration list for PBXProject "AlarmPrototype" */;
			compatibilityVersion = "Xcode 9.3";
			developmentRegion = en;
			hasScannedForEncodings = 0;
			knownRegions = (
				en,
				Base,
			);
			mainGroup = B9E49A1E265BCB69006164A4;
			productRefGroup = B9E49A28265BCB69006164A4 /* Products */;
			projectDirPath = "";
			projectRoot = "";
			targets = (
				B9E49A26265BCB69006164A4 /* AlarmPrototype */,
			);
		};
/* End PBXProject section */

/* Begin PBXResourcesBuildPhase section */
		B9E49A25265BCB69006164A4 /* Resources */ = {
			isa = PBXResourcesBuildPhase;
			buildActionMask = 2147483647;
			files = (
				B9E49A37265BCB6C006164A4 /* LaunchScreen.storyboard in Resources */,
				B9E49A34265BCB6C006164A4 /* Assets.xcassets in Resources */,
				B9E49A32265BCB69006164A4 /* Main.storyboard in Resources */,
			);
			runOnlyForDeploymentPostprocessing = 0;
		};
/* End PBXResourcesBuildPhase section */

/* Begin PBXSourcesBuildPhase section */
		B9E49A23265BCB69006164A4 /* Sources */ = {
			isa = PBXSourcesBuildPhase;
			buildActionMask = 2147483647;
			files = (
				B9E49A2F265BCB69006164A4 /* ViewController.swift in Sources */,
				B9E49A2B265BCB69006164A4 /* AppDelegate.swift in Sources */,
				B9E49A3F265BFB7C006164A4 /* AppViewController.swift in Sources */,
				B9E49A2D265BCB69006164A4 /* SceneDelegate.swift in Sources */,
			);
			runOnlyForDeploymentPostprocessing = 0;
		};
/* End PBXSourcesBuildPhase section */

/* Begin PBXVariantGroup section */
		B9E49A30265BCB69006164A4 /* Main.storyboard */ = {
			isa = PBXVariantGroup;
			children = (
				B9E49A31265BCB69006164A4 /* Base */,
			);
			name = Main.storyboard;
			sourceTree = "<group>";
		};
		B9E49A35265BCB6C006164A4 /* LaunchScreen.storyboard */ = {
			isa = PBXVariantGroup;
			children = (
				B9E49A36265BCB6C006164A4 /* Base */,
			);
			name = LaunchScreen.storyboard;
			sourceTree = "<group>";
		};
/* End PBXVariantGroup section */

/* Begin XCBuildConfiguration section */
		B9E49A39265BCB6C006164A4 /* Debug */ = {
			isa = XCBuildConfiguration;
			buildSettings = {
				ALWAYS_SEARCH_USER_PATHS = NO;
				CLANG_ANALYZER_NONNULL = YES;
				CLANG_ANALYZER_NUMBER_OBJECT_CONVERSION = YES_AGGRESSIVE;
				CLANG_CXX_LANGUAGE_STANDARD = "gnu++14";
				CLANG_CXX_LIBRARY = "libc++";
				CLANG_ENABLE_MODULES = YES;
				CLANG_ENABLE_OBJC_ARC = YES;
				CLANG_ENABLE_OBJC_WEAK = YES;
				CLANG_WARN_BLOCK_CAPTURE_AUTORELEASING = YES;
				CLANG_WARN_BOOL_CONVERSION = YES;
				CLANG_WARN_COMMA = YES;
				CLANG_WARN_CONSTANT_CONVERSION = YES;
				CLANG_WARN_DEPRECATED_OBJC_IMPLEMENTATIONS = YES;
				CLANG_WARN_DIRECT_OBJC_ISA_USAGE = YES_ERROR;
				CLANG_WARN_DOCUMENTATION_COMMENTS = YES;
				CLANG_WARN_EMPTY_BODY = YES;
				CLANG_WARN_ENUM_CONVERSION = YES;
				CLANG_WARN_INFINITE_RECURSION = YES;
				CLANG_WARN_INT_CONVERSION = YES;
				CLANG_WARN_NON_LITERAL_NULL_CONVERSION = YES;
				CLANG_WARN_OBJC_IMPLICIT_RETAIN_SELF = YES;
				CLANG_WARN_OBJC_LITERAL_CONVERSION = YES;
				CLANG_WARN_OBJC_ROOT_CLASS = YES_ERROR;
				CLANG_WARN_QUOTED_INCLUDE_IN_FRAMEWORK_HEADER = YES;
				CLANG_WARN_RANGE_LOOP_ANALYSIS = YES;
				CLANG_WARN_STRICT_PROTOTYPES = YES;
				CLANG_WARN_SUSPICIOUS_MOVE = YES;
				CLANG_WARN_UNGUARDED_AVAILABILITY = YES_AGGRESSIVE;
				CLANG_WARN_UNREACHABLE_CODE = YES;
				CLANG_WARN__DUPLICATE_METHOD_MATCH = YES;
				COPY_PHASE_STRIP = NO;
				DEBUG_INFORMATION_FORMAT = dwarf;
				ENABLE_STRICT_OBJC_MSGSEND = YES;
				ENABLE_TESTABILITY = YES;
				GCC_C_LANGUAGE_STANDARD = gnu11;
				GCC_DYNAMIC_NO_PIC = NO;
				GCC_NO_COMMON_BLOCKS = YES;
				GCC_OPTIMIZATION_LEVEL = 0;
				GCC_PREPROCESSOR_DEFINITIONS = (
					"DEBUG=1",
					"$(inherited)",
				);
				GCC_WARN_64_TO_32_BIT_CONVERSION = YES;
				GCC_WARN_ABOUT_RETURN_TYPE = YES_ERROR;
				GCC_WARN_UNDECLARED_SELECTOR = YES;
				GCC_WARN_UNINITIALIZED_AUTOS = YES_AGGRESSIVE;
				GCC_WARN_UNUSED_FUNCTION = YES;
				GCC_WARN_UNUSED_VARIABLE = YES;
				IPHONEOS_DEPLOYMENT_TARGET = 14.5;
				MTL_ENABLE_DEBUG_INFO = INCLUDE_SOURCE;
				MTL_FAST_MATH = YES;
				ONLY_ACTIVE_ARCH = YES;
				SDKROOT = iphoneos;
				SWIFT_ACTIVE_COMPILATION_CONDITIONS = DEBUG;
				SWIFT_OPTIMIZATION_LEVEL = "-Onone";
			};
			name = Debug;
		};
		B9E49A3A265BCB6C006164A4 /* Release */ = {
			isa = XCBuildConfiguration;
			buildSettings = {
				ALWAYS_SEARCH_USER_PATHS = NO;
				CLANG_ANALYZER_NONNULL = YES;
				CLANG_ANALYZER_NUMBER_OBJECT_CONVERSION = YES_AGGRESSIVE;
				CLANG_CXX_LANGUAGE_STANDARD = "gnu++14";
				CLANG_CXX_LIBRARY = "libc++";
				CLANG_ENABLE_MODULES = YES;
				CLANG_ENABLE_OBJC_ARC = YES;
				CLANG_ENABLE_OBJC_WEAK = YES;
				CLANG_WARN_BLOCK_CAPTURE_AUTORELEASING = YES;
				CLANG_WARN_BOOL_CONVERSION = YES;
				CLANG_WARN_COMMA = YES;
				CLANG_WARN_CONSTANT_CONVERSION = YES;
				CLANG_WARN_DEPRECATED_OBJC_IMPLEMENTATIONS = YES;
				CLANG_WARN_DIRECT_OBJC_ISA_USAGE = YES_ERROR;
				CLANG_WARN_DOCUMENTATION_COMMENTS = YES;
				CLANG_WARN_EMPTY_BODY = YES;
				CLANG_WARN_ENUM_CONVERSION = YES;
				CLANG_WARN_INFINITE_RECURSION = YES;
				CLANG_WARN_INT_CONVERSION = YES;
				CLANG_WARN_NON_LITERAL_NULL_CONVERSION = YES;
				CLANG_WARN_OBJC_IMPLICIT_RETAIN_SELF = YES;
				CLANG_WARN_OBJC_LITERAL_CONVERSION = YES;
				CLANG_WARN_OBJC_ROOT_CLASS = YES_ERROR;
				CLANG_WARN_QUOTED_INCLUDE_IN_FRAMEWORK_HEADER = YES;
				CLANG_WARN_RANGE_LOOP_ANALYSIS = YES;
				CLANG_WARN_STRICT_PROTOTYPES = YES;
				CLANG_WARN_SUSPICIOUS_MOVE = YES;
				CLANG_WARN_UNGUARDED_AVAILABILITY = YES_AGGRESSIVE;
				CLANG_WARN_UNREACHABLE_CODE = YES;
				CLANG_WARN__DUPLICATE_METHOD_MATCH = YES;
				COPY_PHASE_STRIP = NO;
				DEBUG_INFORMATION_FORMAT = "dwarf-with-dsym";
				ENABLE_NS_ASSERTIONS = NO;
				ENABLE_STRICT_OBJC_MSGSEND = YES;
				GCC_C_LANGUAGE_STANDARD = gnu11;
				GCC_NO_COMMON_BLOCKS = YES;
				GCC_WARN_64_TO_32_BIT_CONVERSION = YES;
				GCC_WARN_ABOUT_RETURN_TYPE = YES_ERROR;
				GCC_WARN_UNDECLARED_SELECTOR = YES;
				GCC_WARN_UNINITIALIZED_AUTOS = YES_AGGRESSIVE;
				GCC_WARN_UNUSED_FUNCTION = YES;
				GCC_WARN_UNUSED_VARIABLE = YES;
				IPHONEOS_DEPLOYMENT_TARGET = 14.5;
				MTL_ENABLE_DEBUG_INFO = NO;
				MTL_FAST_MATH = YES;
				SDKROOT = iphoneos;
				SWIFT_COMPILATION_MODE = wholemodule;
				SWIFT_OPTIMIZATION_LEVEL = "-O";
				VALIDATE_PRODUCT = YES;
			};
			name = Release;
		};
		B9E49A3C265BCB6C006164A4 /* Debug */ = {
			isa = XCBuildConfiguration;
			buildSettings = {
				ASSETCATALOG_COMPILER_APPICON_NAME = AppIcon;
				ASSETCATALOG_COMPILER_GLOBAL_ACCENT_COLOR_NAME = AccentColor;
				CODE_SIGN_STYLE = Automatic;
				DEVELOPMENT_TEAM = FVJU929GFT;
				INFOPLIST_FILE = AlarmPrototype/Info.plist;
				LD_RUNPATH_SEARCH_PATHS = (
					"$(inherited)",
					"@executable_path/Frameworks",
				);
				PRODUCT_BUNDLE_IDENTIFIER = com.AwsShkara.AlarmPrototype;
				PRODUCT_NAME = "$(TARGET_NAME)";
				SWIFT_VERSION = 5.0;
				TARGETED_DEVICE_FAMILY = "1,2";
			};
			name = Debug;
		};
		B9E49A3D265BCB6C006164A4 /* Release */ = {
			isa = XCBuildConfiguration;
			buildSettings = {
				ASSETCATALOG_COMPILER_APPICON_NAME = AppIcon;
				ASSETCATALOG_COMPILER_GLOBAL_ACCENT_COLOR_NAME = AccentColor;
				CODE_SIGN_STYLE = Automatic;
				DEVELOPMENT_TEAM = FVJU929GFT;
				INFOPLIST_FILE = AlarmPrototype/Info.plist;
				LD_RUNPATH_SEARCH_PATHS = (
					"$(inherited)",
					"@executable_path/Frameworks",
				);
				PRODUCT_BUNDLE_IDENTIFIER = com.AwsShkara.AlarmPrototype;
				PRODUCT_NAME = "$(TARGET_NAME)";
				SWIFT_VERSION = 5.0;
				TARGETED_DEVICE_FAMILY = "1,2";
			};
			name = Release;
		};
/* End XCBuildConfiguration section */

/* Begin XCConfigurationList section */
		B9E49A22265BCB69006164A4 /* Build configuration list for PBXProject "AlarmPrototype" */ = {
			isa = XCConfigurationList;
			buildConfigurations = (
				B9E49A39265BCB6C006164A4 /* Debug */,
				B9E49A3A265BCB6C006164A4 /* Release */,
			);
			defaultConfigurationIsVisible = 0;
			defaultConfigurationName = Release;
		};
		B9E49A3B265BCB6C006164A4 /* Build configuration list for PBXNativeTarget "AlarmPrototype" */ = {
			isa = XCConfigurationList;
			buildConfigurations = (
				B9E49A3C265BCB6C006164A4 /* Debug */,
				B9E49A3D265BCB6C006164A4 /* Release */,
			);
			defaultConfigurationIsVisible = 0;
			defaultConfigurationName = Release;
		};
/* End XCConfigurationList section */
	};
	rootObject = B9E49A1F265BCB69006164A4 /* Project object */;
}
