// !$*UTF8*$!
{
	archiveVersion = 1;
	classes = {
	};
	objectVersion = 50;
	objects = {

/* Begin PBXBuildFile section */
		B9AA5C202667FF2F0027FDBA /* AppDelegate.swift in Sources */ = {isa = PBXBuildFile; fileRef = B9AA5C1F2667FF2F0027FDBA /* AppDelegate.swift */; };
		B9AA5C222667FF2F0027FDBA /* SceneDelegate.swift in Sources */ = {isa = PBXBuildFile; fileRef = B9AA5C212667FF2F0027FDBA /* SceneDelegate.swift */; };
		B9AA5C242667FF2F0027FDBA /* ViewController.swift in Sources */ = {isa = PBXBuildFile; fileRef = B9AA5C232667FF2F0027FDBA /* ViewController.swift */; };
		B9AA5C272667FF2F0027FDBA /* Main.storyboard in Resources */ = {isa = PBXBuildFile; fileRef = B9AA5C252667FF2F0027FDBA /* Main.storyboard */; };
		B9AA5C292667FF360027FDBA /* Assets.xcassets in Resources */ = {isa = PBXBuildFile; fileRef = B9AA5C282667FF360027FDBA /* Assets.xcassets */; };
		B9AA5C2C2667FF360027FDBA /* LaunchScreen.storyboard in Resources */ = {isa = PBXBuildFile; fileRef = B9AA5C2A2667FF360027FDBA /* LaunchScreen.storyboard */; };
		B9AA5C362668FB580027FDBA /* Repository.swift in Sources */ = {isa = PBXBuildFile; fileRef = B9AA5C352668FB580027FDBA /* Repository.swift */; };
		B9AA5C3A266BAD3E0027FDBA /* RepositoryTableViewCell.swift in Sources */ = {isa = PBXBuildFile; fileRef = B9AA5C39266BAD3E0027FDBA /* RepositoryTableViewCell.swift */; };
		B9AA5C412670F53D0027FDBA /* DataModel.xcdatamodeld in Sources */ = {isa = PBXBuildFile; fileRef = B9AA5C3F2670F53D0027FDBA /* DataModel.xcdatamodeld */; };
		B9AA5C692670FF7E0027FDBA /* GitFetchRepository+CoreDataClass.swift in Sources */ = {isa = PBXBuildFile; fileRef = B9AA5C672670FF7E0027FDBA /* GitFetchRepository+CoreDataClass.swift */; };
		B9AA5C6A2670FF7E0027FDBA /* GitFetchRepository+CoreDataProperties.swift in Sources */ = {isa = PBXBuildFile; fileRef = B9AA5C682670FF7E0027FDBA /* GitFetchRepository+CoreDataProperties.swift */; };
/* End PBXBuildFile section */

/* Begin PBXFileReference section */
		B9AA5C1C2667FF2F0027FDBA /* Networking.app */ = {isa = PBXFileReference; explicitFileType = wrapper.application; includeInIndex = 0; path = Networking.app; sourceTree = BUILT_PRODUCTS_DIR; };
		B9AA5C1F2667FF2F0027FDBA /* AppDelegate.swift */ = {isa = PBXFileReference; lastKnownFileType = sourcecode.swift; path = AppDelegate.swift; sourceTree = "<group>"; };
		B9AA5C212667FF2F0027FDBA /* SceneDelegate.swift */ = {isa = PBXFileReference; lastKnownFileType = sourcecode.swift; path = SceneDelegate.swift; sourceTree = "<group>"; };
		B9AA5C232667FF2F0027FDBA /* ViewController.swift */ = {isa = PBXFileReference; lastKnownFileType = sourcecode.swift; path = ViewController.swift; sourceTree = "<group>"; };
		B9AA5C262667FF2F0027FDBA /* Base */ = {isa = PBXFileReference; lastKnownFileType = file.storyboard; name = Base; path = Base.lproj/Main.storyboard; sourceTree = "<group>"; };
		B9AA5C282667FF360027FDBA /* Assets.xcassets */ = {isa = PBXFileReference; lastKnownFileType = folder.assetcatalog; path = Assets.xcassets; sourceTree = "<group>"; };
		B9AA5C2B2667FF360027FDBA /* Base */ = {isa = PBXFileReference; lastKnownFileType = file.storyboard; name = Base; path = Base.lproj/LaunchScreen.storyboard; sourceTree = "<group>"; };
		B9AA5C2D2667FF360027FDBA /* Info.plist */ = {isa = PBXFileReference; lastKnownFileType = text.plist.xml; path = Info.plist; sourceTree = "<group>"; };
		B9AA5C352668FB580027FDBA /* Repository.swift */ = {isa = PBXFileReference; lastKnownFileType = sourcecode.swift; path = Repository.swift; sourceTree = "<group>"; };
		B9AA5C39266BAD3E0027FDBA /* RepositoryTableViewCell.swift */ = {isa = PBXFileReference; lastKnownFileType = sourcecode.swift; path = RepositoryTableViewCell.swift; sourceTree = "<group>"; };
		B9AA5C402670F53D0027FDBA /* DataModel.xcdatamodel */ = {isa = PBXFileReference; lastKnownFileType = wrapper.xcdatamodel; path = DataModel.xcdatamodel; sourceTree = "<group>"; };
		B9AA5C672670FF7E0027FDBA /* GitFetchRepository+CoreDataClass.swift */ = {isa = PBXFileReference; lastKnownFileType = sourcecode.swift; path = "GitFetchRepository+CoreDataClass.swift"; sourceTree = "<group>"; };
		B9AA5C682670FF7E0027FDBA /* GitFetchRepository+CoreDataProperties.swift */ = {isa = PBXFileReference; lastKnownFileType = sourcecode.swift; path = "GitFetchRepository+CoreDataProperties.swift"; sourceTree = "<group>"; };
/* End PBXFileReference section */

/* Begin PBXFrameworksBuildPhase section */
		B9AA5C192667FF2F0027FDBA /* Frameworks */ = {
			isa = PBXFrameworksBuildPhase;
			buildActionMask = 2147483647;
			files = (
			);
			runOnlyForDeploymentPostprocessing = 0;
		};
/* End PBXFrameworksBuildPhase section */

/* Begin PBXGroup section */
		B9AA5C132667FF2F0027FDBA = {
			isa = PBXGroup;
			children = (
				B9AA5C3F2670F53D0027FDBA /* DataModel.xcdatamodeld */,
				B9AA5C1E2667FF2F0027FDBA /* Networking */,
				B9AA5C1D2667FF2F0027FDBA /* Products */,
			);
			sourceTree = "<group>";
		};
		B9AA5C1D2667FF2F0027FDBA /* Products */ = {
			isa = PBXGroup;
			children = (
				B9AA5C1C2667FF2F0027FDBA /* Networking.app */,
			);
			name = Products;
			sourceTree = "<group>";
		};
		B9AA5C1E2667FF2F0027FDBA /* Networking */ = {
			isa = PBXGroup;
			children = (
				B9AA5C1F2667FF2F0027FDBA /* AppDelegate.swift */,
				B9AA5C212667FF2F0027FDBA /* SceneDelegate.swift */,
				B9AA5C232667FF2F0027FDBA /* ViewController.swift */,
				B9AA5C352668FB580027FDBA /* Repository.swift */,
				B9AA5C39266BAD3E0027FDBA /* RepositoryTableViewCell.swift */,
				B9AA5C672670FF7E0027FDBA /* GitFetchRepository+CoreDataClass.swift */,
				B9AA5C682670FF7E0027FDBA /* GitFetchRepository+CoreDataProperties.swift */,
				B9AA5C252667FF2F0027FDBA /* Main.storyboard */,
				B9AA5C282667FF360027FDBA /* Assets.xcassets */,
				B9AA5C2A2667FF360027FDBA /* LaunchScreen.storyboard */,
				B9AA5C2D2667FF360027FDBA /* Info.plist */,
			);
			path = Networking;
			sourceTree = "<group>";
		};
/* End PBXGroup section */

/* Begin PBXNativeTarget section */
		B9AA5C1B2667FF2F0027FDBA /* Networking */ = {
			isa = PBXNativeTarget;
			buildConfigurationList = B9AA5C302667FF360027FDBA /* Build configuration list for PBXNativeTarget "Networking" */;
			buildPhases = (
				B9AA5C182667FF2F0027FDBA /* Sources */,
				B9AA5C192667FF2F0027FDBA /* Frameworks */,
				B9AA5C1A2667FF2F0027FDBA /* Resources */,
			);
			buildRules = (
			);
			dependencies = (
			);
			name = Networking;
			productName = Networking;
			productReference = B9AA5C1C2667FF2F0027FDBA /* Networking.app */;
			productType = "com.apple.product-type.application";
		};
/* End PBXNativeTarget section */

/* Begin PBXProject section */
		B9AA5C142667FF2F0027FDBA /* Project object */ = {
			isa = PBXProject;
			attributes = {
				LastSwiftUpdateCheck = 1250;
				LastUpgradeCheck = 1250;
				TargetAttributes = {
					B9AA5C1B2667FF2F0027FDBA = {
						CreatedOnToolsVersion = 12.5;
					};
				};
			};
			buildConfigurationList = B9AA5C172667FF2F0027FDBA /* Build configuration list for PBXProject "Networking" */;
			compatibilityVersion = "Xcode 9.3";
			developmentRegion = en;
			hasScannedForEncodings = 0;
			knownRegions = (
				en,
				Base,
			);
			mainGroup = B9AA5C132667FF2F0027FDBA;
			productRefGroup = B9AA5C1D2667FF2F0027FDBA /* Products */;
			projectDirPath = "";
			projectRoot = "";
			targets = (
				B9AA5C1B2667FF2F0027FDBA /* Networking */,
			);
		};
/* End PBXProject section */

/* Begin PBXResourcesBuildPhase section */
		B9AA5C1A2667FF2F0027FDBA /* Resources */ = {
			isa = PBXResourcesBuildPhase;
			buildActionMask = 2147483647;
			files = (
				B9AA5C2C2667FF360027FDBA /* LaunchScreen.storyboard in Resources */,
				B9AA5C292667FF360027FDBA /* Assets.xcassets in Resources */,
				B9AA5C272667FF2F0027FDBA /* Main.storyboard in Resources */,
			);
			runOnlyForDeploymentPostprocessing = 0;
		};
/* End PBXResourcesBuildPhase section */

/* Begin PBXSourcesBuildPhase section */
		B9AA5C182667FF2F0027FDBA /* Sources */ = {
			isa = PBXSourcesBuildPhase;
			buildActionMask = 2147483647;
			files = (
				B9AA5C242667FF2F0027FDBA /* ViewController.swift in Sources */,
				B9AA5C202667FF2F0027FDBA /* AppDelegate.swift in Sources */,
				B9AA5C362668FB580027FDBA /* Repository.swift in Sources */,
				B9AA5C692670FF7E0027FDBA /* GitFetchRepository+CoreDataClass.swift in Sources */,
				B9AA5C412670F53D0027FDBA /* DataModel.xcdatamodeld in Sources */,
				B9AA5C3A266BAD3E0027FDBA /* RepositoryTableViewCell.swift in Sources */,
				B9AA5C6A2670FF7E0027FDBA /* GitFetchRepository+CoreDataProperties.swift in Sources */,
				B9AA5C222667FF2F0027FDBA /* SceneDelegate.swift in Sources */,
			);
			runOnlyForDeploymentPostprocessing = 0;
		};
/* End PBXSourcesBuildPhase section */

/* Begin PBXVariantGroup section */
		B9AA5C252667FF2F0027FDBA /* Main.storyboard */ = {
			isa = PBXVariantGroup;
			children = (
				B9AA5C262667FF2F0027FDBA /* Base */,
			);
			name = Main.storyboard;
			sourceTree = "<group>";
		};
		B9AA5C2A2667FF360027FDBA /* LaunchScreen.storyboard */ = {
			isa = PBXVariantGroup;
			children = (
				B9AA5C2B2667FF360027FDBA /* Base */,
			);
			name = LaunchScreen.storyboard;
			sourceTree = "<group>";
		};
/* End PBXVariantGroup section */

/* Begin XCBuildConfiguration section */
		B9AA5C2E2667FF360027FDBA /* Debug */ = {
			isa = XCBuildConfiguration;
			buildSettings = {
				ALWAYS_SEARCH_USER_PATHS = NO;
				CLANG_ANALYZER_NONNULL = YES;
				CLANG_ANALYZER_NUMBER_OBJECT_CONVERSION = YES_AGGRESSIVE;
				CLANG_CXX_LANGUAGE_STANDARD = "gnu++14";
				CLANG_CXX_LIBRARY = "libc++";
				CLANG_ENABLE_MODULES = YES;
				CLANG_ENABLE_OBJC_ARC = YES;
				CLANG_ENABLE_OBJC_WEAK = YES;
				CLANG_WARN_BLOCK_CAPTURE_AUTORELEASING = YES;
				CLANG_WARN_BOOL_CONVERSION = YES;
				CLANG_WARN_COMMA = YES;
				CLANG_WARN_CONSTANT_CONVERSION = YES;
				CLANG_WARN_DEPRECATED_OBJC_IMPLEMENTATIONS = YES;
				CLANG_WARN_DIRECT_OBJC_ISA_USAGE = YES_ERROR;
				CLANG_WARN_DOCUMENTATION_COMMENTS = YES;
				CLANG_WARN_EMPTY_BODY = YES;
				CLANG_WARN_ENUM_CONVERSION = YES;
				CLANG_WARN_INFINITE_RECURSION = YES;
				CLANG_WARN_INT_CONVERSION = YES;
				CLANG_WARN_NON_LITERAL_NULL_CONVERSION = YES;
				CLANG_WARN_OBJC_IMPLICIT_RETAIN_SELF = YES;
				CLANG_WARN_OBJC_LITERAL_CONVERSION = YES;
				CLANG_WARN_OBJC_ROOT_CLASS = YES_ERROR;
				CLANG_WARN_QUOTED_INCLUDE_IN_FRAMEWORK_HEADER = YES;
				CLANG_WARN_RANGE_LOOP_ANALYSIS = YES;
				CLANG_WARN_STRICT_PROTOTYPES = YES;
				CLANG_WARN_SUSPICIOUS_MOVE = YES;
				CLANG_WARN_UNGUARDED_AVAILABILITY = YES_AGGRESSIVE;
				CLANG_WARN_UNREACHABLE_CODE = YES;
				CLANG_WARN__DUPLICATE_METHOD_MATCH = YES;
				COPY_PHASE_STRIP = NO;
				DEBUG_INFORMATION_FORMAT = dwarf;
				ENABLE_STRICT_OBJC_MSGSEND = YES;
				ENABLE_TESTABILITY = YES;
				GCC_C_LANGUAGE_STANDARD = gnu11;
				GCC_DYNAMIC_NO_PIC = NO;
				GCC_NO_COMMON_BLOCKS = YES;
				GCC_OPTIMIZATION_LEVEL = 0;
				GCC_PREPROCESSOR_DEFINITIONS = (
					"DEBUG=1",
					"$(inherited)",
				);
				GCC_WARN_64_TO_32_BIT_CONVERSION = YES;
				GCC_WARN_ABOUT_RETURN_TYPE = YES_ERROR;
				GCC_WARN_UNDECLARED_SELECTOR = YES;
				GCC_WARN_UNINITIALIZED_AUTOS = YES_AGGRESSIVE;
				GCC_WARN_UNUSED_FUNCTION = YES;
				GCC_WARN_UNUSED_VARIABLE = YES;
				IPHONEOS_DEPLOYMENT_TARGET = 14.5;
				MTL_ENABLE_DEBUG_INFO = INCLUDE_SOURCE;
				MTL_FAST_MATH = YES;
				ONLY_ACTIVE_ARCH = YES;
				SDKROOT = iphoneos;
				SWIFT_ACTIVE_COMPILATION_CONDITIONS = DEBUG;
				SWIFT_OPTIMIZATION_LEVEL = "-Onone";
			};
			name = Debug;
		};
		B9AA5C2F2667FF360027FDBA /* Release */ = {
			isa = XCBuildConfiguration;
			buildSettings = {
				ALWAYS_SEARCH_USER_PATHS = NO;
				CLANG_ANALYZER_NONNULL = YES;
				CLANG_ANALYZER_NUMBER_OBJECT_CONVERSION = YES_AGGRESSIVE;
				CLANG_CXX_LANGUAGE_STANDARD = "gnu++14";
				CLANG_CXX_LIBRARY = "libc++";
				CLANG_ENABLE_MODULES = YES;
				CLANG_ENABLE_OBJC_ARC = YES;
				CLANG_ENABLE_OBJC_WEAK = YES;
				CLANG_WARN_BLOCK_CAPTURE_AUTORELEASING = YES;
				CLANG_WARN_BOOL_CONVERSION = YES;
				CLANG_WARN_COMMA = YES;
				CLANG_WARN_CONSTANT_CONVERSION = YES;
				CLANG_WARN_DEPRECATED_OBJC_IMPLEMENTATIONS = YES;
				CLANG_WARN_DIRECT_OBJC_ISA_USAGE = YES_ERROR;
				CLANG_WARN_DOCUMENTATION_COMMENTS = YES;
				CLANG_WARN_EMPTY_BODY = YES;
				CLANG_WARN_ENUM_CONVERSION = YES;
				CLANG_WARN_INFINITE_RECURSION = YES;
				CLANG_WARN_INT_CONVERSION = YES;
				CLANG_WARN_NON_LITERAL_NULL_CONVERSION = YES;
				CLANG_WARN_OBJC_IMPLICIT_RETAIN_SELF = YES;
				CLANG_WARN_OBJC_LITERAL_CONVERSION = YES;
				CLANG_WARN_OBJC_ROOT_CLASS = YES_ERROR;
				CLANG_WARN_QUOTED_INCLUDE_IN_FRAMEWORK_HEADER = YES;
				CLANG_WARN_RANGE_LOOP_ANALYSIS = YES;
				CLANG_WARN_STRICT_PROTOTYPES = YES;
				CLANG_WARN_SUSPICIOUS_MOVE = YES;
				CLANG_WARN_UNGUARDED_AVAILABILITY = YES_AGGRESSIVE;
				CLANG_WARN_UNREACHABLE_CODE = YES;
				CLANG_WARN__DUPLICATE_METHOD_MATCH = YES;
				COPY_PHASE_STRIP = NO;
				DEBUG_INFORMATION_FORMAT = "dwarf-with-dsym";
				ENABLE_NS_ASSERTIONS = NO;
				ENABLE_STRICT_OBJC_MSGSEND = YES;
				GCC_C_LANGUAGE_STANDARD = gnu11;
				GCC_NO_COMMON_BLOCKS = YES;
				GCC_WARN_64_TO_32_BIT_CONVERSION = YES;
				GCC_WARN_ABOUT_RETURN_TYPE = YES_ERROR;
				GCC_WARN_UNDECLARED_SELECTOR = YES;
				GCC_WARN_UNINITIALIZED_AUTOS = YES_AGGRESSIVE;
				GCC_WARN_UNUSED_FUNCTION = YES;
				GCC_WARN_UNUSED_VARIABLE = YES;
				IPHONEOS_DEPLOYMENT_TARGET = 14.5;
				MTL_ENABLE_DEBUG_INFO = NO;
				MTL_FAST_MATH = YES;
				SDKROOT = iphoneos;
				SWIFT_COMPILATION_MODE = wholemodule;
				SWIFT_OPTIMIZATION_LEVEL = "-O";
				VALIDATE_PRODUCT = YES;
			};
			name = Release;
		};
		B9AA5C312667FF360027FDBA /* Debug */ = {
			isa = XCBuildConfiguration;
			buildSettings = {
				ASSETCATALOG_COMPILER_APPICON_NAME = AppIcon;
				ASSETCATALOG_COMPILER_GLOBAL_ACCENT_COLOR_NAME = AccentColor;
				CODE_SIGN_STYLE = Automatic;
				DEVELOPMENT_TEAM = FVJU929GFT;
				INFOPLIST_FILE = Networking/Info.plist;
				LD_RUNPATH_SEARCH_PATHS = (
					"$(inherited)",
					"@executable_path/Frameworks",
				);
				PRODUCT_BUNDLE_IDENTIFIER = com.AwsShkara.Networking;
				PRODUCT_NAME = "$(TARGET_NAME)";
				SWIFT_VERSION = 5.0;
				TARGETED_DEVICE_FAMILY = "1,2";
			};
			name = Debug;
		};
		B9AA5C322667FF360027FDBA /* Release */ = {
			isa = XCBuildConfiguration;
			buildSettings = {
				ASSETCATALOG_COMPILER_APPICON_NAME = AppIcon;
				ASSETCATALOG_COMPILER_GLOBAL_ACCENT_COLOR_NAME = AccentColor;
				CODE_SIGN_STYLE = Automatic;
				DEVELOPMENT_TEAM = FVJU929GFT;
				INFOPLIST_FILE = Networking/Info.plist;
				LD_RUNPATH_SEARCH_PATHS = (
					"$(inherited)",
					"@executable_path/Frameworks",
				);
				PRODUCT_BUNDLE_IDENTIFIER = com.AwsShkara.Networking;
				PRODUCT_NAME = "$(TARGET_NAME)";
				SWIFT_VERSION = 5.0;
				TARGETED_DEVICE_FAMILY = "1,2";
			};
			name = Release;
		};
/* End XCBuildConfiguration section */

/* Begin XCConfigurationList section */
		B9AA5C172667FF2F0027FDBA /* Build configuration list for PBXProject "Networking" */ = {
			isa = XCConfigurationList;
			buildConfigurations = (
				B9AA5C2E2667FF360027FDBA /* Debug */,
				B9AA5C2F2667FF360027FDBA /* Release */,
			);
			defaultConfigurationIsVisible = 0;
			defaultConfigurationName = Release;
		};
		B9AA5C302667FF360027FDBA /* Build configuration list for PBXNativeTarget "Networking" */ = {
			isa = XCConfigurationList;
			buildConfigurations = (
				B9AA5C312667FF360027FDBA /* Debug */,
				B9AA5C322667FF360027FDBA /* Release */,
			);
			defaultConfigurationIsVisible = 0;
			defaultConfigurationName = Release;
		};
/* End XCConfigurationList section */

/* Begin XCVersionGroup section */
		B9AA5C3F2670F53D0027FDBA /* DataModel.xcdatamodeld */ = {
			isa = XCVersionGroup;
			children = (
				B9AA5C402670F53D0027FDBA /* DataModel.xcdatamodel */,
			);
			currentVersion = B9AA5C402670F53D0027FDBA /* DataModel.xcdatamodel */;
			path = DataModel.xcdatamodeld;
			sourceTree = "<group>";
			versionGroupType = wrapper.xcdatamodel;
		};
/* End XCVersionGroup section */
	};
	rootObject = B9AA5C142667FF2F0027FDBA /* Project object */;
}
