// !$*UTF8*$!
{
	archiveVersion = 1;
	classes = {
	};
	objectVersion = 51;
	objects = {

/* Begin PBXBuildFile section */
		224172B66AE2E5563A170C1F /* Pods_CurrencyManager.framework in Frameworks */ = {isa = PBXBuildFile; fileRef = C4658957F6E4408B623A0ACF /* Pods_CurrencyManager.framework */; };
		B975B6E5267E7BA2001829D1 /* ExchangerModel.swift in Sources */ = {isa = PBXBuildFile; fileRef = B975B6E4267E7BA2001829D1 /* ExchangerModel.swift */; };
		B975B6E7267E7D30001829D1 /* RatesModel.swift in Sources */ = {isa = PBXBuildFile; fileRef = B975B6E6267E7D30001829D1 /* RatesModel.swift */; };
		B975B6EA267E7EB2001829D1 /* HomePageCell.swift in Sources */ = {isa = PBXBuildFile; fileRef = B975B6E9267E7EB2001829D1 /* HomePageCell.swift */; };
		B975B6EC267E7EC8001829D1 /* HomePageViewController.swift in Sources */ = {isa = PBXBuildFile; fileRef = B975B6EB267E7EC8001829D1 /* HomePageViewController.swift */; };
		B975B6F126809076001829D1 /* DetailsRateCell.swift in Sources */ = {isa = PBXBuildFile; fileRef = B975B6F026809076001829D1 /* DetailsRateCell.swift */; };
		B975B6F326809092001829D1 /* DetailsHeaderView.swift in Sources */ = {isa = PBXBuildFile; fileRef = B975B6F226809092001829D1 /* DetailsHeaderView.swift */; };
		B975B6F5268090BF001829D1 /* DetailsSectionHeaderView.swift in Sources */ = {isa = PBXBuildFile; fileRef = B975B6F4268090BF001829D1 /* DetailsSectionHeaderView.swift */; };
		B975B6F7268090F2001829D1 /* DetailsViewController.swift in Sources */ = {isa = PBXBuildFile; fileRef = B975B6F6268090F2001829D1 /* DetailsViewController.swift */; };
		B975B6F92680B465001829D1 /* ShareViewController.swift in Sources */ = {isa = PBXBuildFile; fileRef = B975B6F82680B465001829D1 /* ShareViewController.swift */; };
		B975B6FB2680C5C8001829D1 /* MapViewController.swift in Sources */ = {isa = PBXBuildFile; fileRef = B975B6FA2680C5C8001829D1 /* MapViewController.swift */; };
		B9AA5C922677E5F80027FDBA /* BankModel.swift in Sources */ = {isa = PBXBuildFile; fileRef = B9AA5C912677E5F80027FDBA /* BankModel.swift */; };
		B9E49950264D7A84006164A4 /* AppDelegate.swift in Sources */ = {isa = PBXBuildFile; fileRef = B9E4994F264D7A84006164A4 /* AppDelegate.swift */; };
		B9E49959264D7A88006164A4 /* Assets.xcassets in Resources */ = {isa = PBXBuildFile; fileRef = B9E49958264D7A88006164A4 /* Assets.xcassets */; };
		B9E4995C264D7A88006164A4 /* LaunchScreen.storyboard in Resources */ = {isa = PBXBuildFile; fileRef = B9E4995A264D7A88006164A4 /* LaunchScreen.storyboard */; };
/* End PBXBuildFile section */

/* Begin PBXFileReference section */
		01340A442B7CFDD02EC454C4 /* Pods-CurrencyManager.debug.xcconfig */ = {isa = PBXFileReference; includeInIndex = 1; lastKnownFileType = text.xcconfig; name = "Pods-CurrencyManager.debug.xcconfig"; path = "Target Support Files/Pods-CurrencyManager/Pods-CurrencyManager.debug.xcconfig"; sourceTree = "<group>"; };
		5042E2DC53B51ECF9A653FE4 /* Pods-CurrencyManager.release.xcconfig */ = {isa = PBXFileReference; includeInIndex = 1; lastKnownFileType = text.xcconfig; name = "Pods-CurrencyManager.release.xcconfig"; path = "Target Support Files/Pods-CurrencyManager/Pods-CurrencyManager.release.xcconfig"; sourceTree = "<group>"; };
		B975B6E4267E7BA2001829D1 /* ExchangerModel.swift */ = {isa = PBXFileReference; lastKnownFileType = sourcecode.swift; path = ExchangerModel.swift; sourceTree = "<group>"; };
		B975B6E6267E7D30001829D1 /* RatesModel.swift */ = {isa = PBXFileReference; lastKnownFileType = sourcecode.swift; path = RatesModel.swift; sourceTree = "<group>"; };
		B975B6E9267E7EB2001829D1 /* HomePageCell.swift */ = {isa = PBXFileReference; lastKnownFileType = sourcecode.swift; path = HomePageCell.swift; sourceTree = "<group>"; };
		B975B6EB267E7EC8001829D1 /* HomePageViewController.swift */ = {isa = PBXFileReference; lastKnownFileType = sourcecode.swift; path = HomePageViewController.swift; sourceTree = "<group>"; };
		B975B6F026809076001829D1 /* DetailsRateCell.swift */ = {isa = PBXFileReference; lastKnownFileType = sourcecode.swift; path = DetailsRateCell.swift; sourceTree = "<group>"; };
		B975B6F226809092001829D1 /* DetailsHeaderView.swift */ = {isa = PBXFileReference; lastKnownFileType = sourcecode.swift; path = DetailsHeaderView.swift; sourceTree = "<group>"; };
		B975B6F4268090BF001829D1 /* DetailsSectionHeaderView.swift */ = {isa = PBXFileReference; lastKnownFileType = sourcecode.swift; path = DetailsSectionHeaderView.swift; sourceTree = "<group>"; };
		B975B6F6268090F2001829D1 /* DetailsViewController.swift */ = {isa = PBXFileReference; lastKnownFileType = sourcecode.swift; path = DetailsViewController.swift; sourceTree = "<group>"; };
		B975B6F82680B465001829D1 /* ShareViewController.swift */ = {isa = PBXFileReference; lastKnownFileType = sourcecode.swift; path = ShareViewController.swift; sourceTree = "<group>"; };
		B975B6FA2680C5C8001829D1 /* MapViewController.swift */ = {isa = PBXFileReference; lastKnownFileType = sourcecode.swift; path = MapViewController.swift; sourceTree = "<group>"; };
		B9AA5C912677E5F80027FDBA /* BankModel.swift */ = {isa = PBXFileReference; lastKnownFileType = sourcecode.swift; path = BankModel.swift; sourceTree = "<group>"; };
		B9E4994C264D7A84006164A4 /* CurrencyManager.app */ = {isa = PBXFileReference; explicitFileType = wrapper.application; includeInIndex = 0; path = CurrencyManager.app; sourceTree = BUILT_PRODUCTS_DIR; };
		B9E4994F264D7A84006164A4 /* AppDelegate.swift */ = {isa = PBXFileReference; lastKnownFileType = sourcecode.swift; path = AppDelegate.swift; sourceTree = "<group>"; };
		B9E49958264D7A88006164A4 /* Assets.xcassets */ = {isa = PBXFileReference; lastKnownFileType = folder.assetcatalog; path = Assets.xcassets; sourceTree = "<group>"; };
		B9E4995B264D7A88006164A4 /* Base */ = {isa = PBXFileReference; lastKnownFileType = file.storyboard; name = Base; path = Base.lproj/LaunchScreen.storyboard; sourceTree = "<group>"; };
		B9E4995D264D7A88006164A4 /* Info.plist */ = {isa = PBXFileReference; lastKnownFileType = text.plist.xml; path = Info.plist; sourceTree = "<group>"; };
		C4658957F6E4408B623A0ACF /* Pods_CurrencyManager.framework */ = {isa = PBXFileReference; explicitFileType = wrapper.framework; includeInIndex = 0; path = Pods_CurrencyManager.framework; sourceTree = BUILT_PRODUCTS_DIR; };
/* End PBXFileReference section */

/* Begin PBXFrameworksBuildPhase section */
		B9E49949264D7A84006164A4 /* Frameworks */ = {
			isa = PBXFrameworksBuildPhase;
			buildActionMask = 2147483647;
			files = (
				224172B66AE2E5563A170C1F /* Pods_CurrencyManager.framework in Frameworks */,
			);
			runOnlyForDeploymentPostprocessing = 0;
		};
/* End PBXFrameworksBuildPhase section */

/* Begin PBXGroup section */
		99547DA3B3EA3A938EBBC4B9 /* Pods */ = {
			isa = PBXGroup;
			children = (
				01340A442B7CFDD02EC454C4 /* Pods-CurrencyManager.debug.xcconfig */,
				5042E2DC53B51ECF9A653FE4 /* Pods-CurrencyManager.release.xcconfig */,
			);
			path = Pods;
			sourceTree = "<group>";
		};
		B975B6E8267E7E8A001829D1 /* HomePage */ = {
			isa = PBXGroup;
			children = (
				B975B6E9267E7EB2001829D1 /* HomePageCell.swift */,
				B975B6EB267E7EC8001829D1 /* HomePageViewController.swift */,
			);
			path = HomePage;
			sourceTree = "<group>";
		};
		B975B6ED267F9856001829D1 /* DetailsPage */ = {
			isa = PBXGroup;
			children = (
				B975B6F026809076001829D1 /* DetailsRateCell.swift */,
				B975B6F226809092001829D1 /* DetailsHeaderView.swift */,
				B975B6F4268090BF001829D1 /* DetailsSectionHeaderView.swift */,
				B975B6F6268090F2001829D1 /* DetailsViewController.swift */,
			);
			path = DetailsPage;
			sourceTree = "<group>";
		};
		B975B6EE267F986F001829D1 /* Share */ = {
			isa = PBXGroup;
			children = (
				B975B6F82680B465001829D1 /* ShareViewController.swift */,
			);
			path = Share;
			sourceTree = "<group>";
		};
		B975B6EF267F9887001829D1 /* Map */ = {
			isa = PBXGroup;
			children = (
				B975B6FA2680C5C8001829D1 /* MapViewController.swift */,
			);
			path = Map;
			sourceTree = "<group>";
		};
		B9AA5C6D2674B7250027FDBA /* Controller */ = {
			isa = PBXGroup;
			children = (
				B975B6E8267E7E8A001829D1 /* HomePage */,
				B975B6ED267F9856001829D1 /* DetailsPage */,
				B975B6EE267F986F001829D1 /* Share */,
				B975B6EF267F9887001829D1 /* Map */,
			);
			path = Controller;
			sourceTree = "<group>";
		};
		B9AA5C6E2674B75F0027FDBA /* Model */ = {
			isa = PBXGroup;
			children = (
				B9AA5C912677E5F80027FDBA /* BankModel.swift */,
				B975B6E4267E7BA2001829D1 /* ExchangerModel.swift */,
				B975B6E6267E7D30001829D1 /* RatesModel.swift */,
			);
			path = Model;
			sourceTree = "<group>";
		};
		B9AA5C6F2674B7650027FDBA /* View */ = {
			isa = PBXGroup;
			children = (
			);
			path = View;
			sourceTree = "<group>";
		};
		B9E49943264D7A84006164A4 = {
			isa = PBXGroup;
			children = (
				B9E4994E264D7A84006164A4 /* CurrencyManager */,
				B9E4994D264D7A84006164A4 /* Products */,
				99547DA3B3EA3A938EBBC4B9 /* Pods */,
				E85F229F23E9D8BF65A6A2AE /* Frameworks */,
			);
			sourceTree = "<group>";
		};
		B9E4994D264D7A84006164A4 /* Products */ = {
			isa = PBXGroup;
			children = (
				B9E4994C264D7A84006164A4 /* CurrencyManager.app */,
			);
			name = Products;
			sourceTree = "<group>";
		};
		B9E4994E264D7A84006164A4 /* CurrencyManager */ = {
			isa = PBXGroup;
			children = (
				B9E4994F264D7A84006164A4 /* AppDelegate.swift */,
				B9AA5C6E2674B75F0027FDBA /* Model */,
				B9AA5C6D2674B7250027FDBA /* Controller */,
				B9AA5C6F2674B7650027FDBA /* View */,
				B9E49958264D7A88006164A4 /* Assets.xcassets */,
				B9E4995A264D7A88006164A4 /* LaunchScreen.storyboard */,
				B9E4995D264D7A88006164A4 /* Info.plist */,
			);
			path = CurrencyManager;
			sourceTree = "<group>";
		};
		E85F229F23E9D8BF65A6A2AE /* Frameworks */ = {
			isa = PBXGroup;
			children = (
				C4658957F6E4408B623A0ACF /* Pods_CurrencyManager.framework */,
			);
			name = Frameworks;
			sourceTree = "<group>";
		};
/* End PBXGroup section */

/* Begin PBXNativeTarget section */
		B9E4994B264D7A84006164A4 /* CurrencyManager */ = {
			isa = PBXNativeTarget;
			buildConfigurationList = B9E49960264D7A88006164A4 /* Build configuration list for PBXNativeTarget "CurrencyManager" */;
			buildPhases = (
				14EEE1493C1DF43FC985665A /* [CP] Check Pods Manifest.lock */,
				B9E49948264D7A84006164A4 /* Sources */,
				B9E49949264D7A84006164A4 /* Frameworks */,
				B9E4994A264D7A84006164A4 /* Resources */,
				961865BF4C748BB1664D48D4 /* [CP] Embed Pods Frameworks */,
			);
			buildRules = (
			);
			dependencies = (
			);
			name = CurrencyManager;
			productName = CurrencyManager;
			productReference = B9E4994C264D7A84006164A4 /* CurrencyManager.app */;
			productType = "com.apple.product-type.application";
		};
/* End PBXNativeTarget section */

/* Begin PBXProject section */
		B9E49944264D7A84006164A4 /* Project object */ = {
			isa = PBXProject;
			attributes = {
				LastSwiftUpdateCheck = 1250;
				LastUpgradeCheck = 1250;
				TargetAttributes = {
					B9E4994B264D7A84006164A4 = {
						CreatedOnToolsVersion = 12.5;
					};
				};
			};
			buildConfigurationList = B9E49947264D7A84006164A4 /* Build configuration list for PBXProject "CurrencyManager" */;
			compatibilityVersion = "Xcode 9.3";
			developmentRegion = en;
			hasScannedForEncodings = 0;
			knownRegions = (
				en,
				Base,
			);
			mainGroup = B9E49943264D7A84006164A4;
			productRefGroup = B9E4994D264D7A84006164A4 /* Products */;
			projectDirPath = "";
			projectRoot = "";
			targets = (
				B9E4994B264D7A84006164A4 /* CurrencyManager */,
			);
		};
/* End PBXProject section */

/* Begin PBXResourcesBuildPhase section */
		B9E4994A264D7A84006164A4 /* Resources */ = {
			isa = PBXResourcesBuildPhase;
			buildActionMask = 2147483647;
			files = (
				B9E4995C264D7A88006164A4 /* LaunchScreen.storyboard in Resources */,
				B9E49959264D7A88006164A4 /* Assets.xcassets in Resources */,
			);
			runOnlyForDeploymentPostprocessing = 0;
		};
/* End PBXResourcesBuildPhase section */

/* Begin PBXShellScriptBuildPhase section */
		14EEE1493C1DF43FC985665A /* [CP] Check Pods Manifest.lock */ = {
			isa = PBXShellScriptBuildPhase;
			buildActionMask = 2147483647;
			files = (
			);
			inputFileListPaths = (
			);
			inputPaths = (
				"${PODS_PODFILE_DIR_PATH}/Podfile.lock",
				"${PODS_ROOT}/Manifest.lock",
			);
			name = "[CP] Check Pods Manifest.lock";
			outputFileListPaths = (
			);
			outputPaths = (
				"$(DERIVED_FILE_DIR)/Pods-CurrencyManager-checkManifestLockResult.txt",
			);
			runOnlyForDeploymentPostprocessing = 0;
			shellPath = /bin/sh;
			shellScript = "diff \"${PODS_PODFILE_DIR_PATH}/Podfile.lock\" \"${PODS_ROOT}/Manifest.lock\" > /dev/null\nif [ $? != 0 ] ; then\n    # print error to STDERR\n    echo \"error: The sandbox is not in sync with the Podfile.lock. Run 'pod install' or update your CocoaPods installation.\" >&2\n    exit 1\nfi\n# This output is used by Xcode 'outputs' to avoid re-running this script phase.\necho \"SUCCESS\" > \"${SCRIPT_OUTPUT_FILE_0}\"\n";
			showEnvVarsInLog = 0;
		};
		961865BF4C748BB1664D48D4 /* [CP] Embed Pods Frameworks */ = {
			isa = PBXShellScriptBuildPhase;
			buildActionMask = 2147483647;
			files = (
			);
			inputFileListPaths = (
				"${PODS_ROOT}/Target Support Files/Pods-CurrencyManager/Pods-CurrencyManager-frameworks-${CONFIGURATION}-input-files.xcfilelist",
			);
			name = "[CP] Embed Pods Frameworks";
			outputFileListPaths = (
				"${PODS_ROOT}/Target Support Files/Pods-CurrencyManager/Pods-CurrencyManager-frameworks-${CONFIGURATION}-output-files.xcfilelist",
			);
			runOnlyForDeploymentPostprocessing = 0;
			shellPath = /bin/sh;
			shellScript = "\"${PODS_ROOT}/Target Support Files/Pods-CurrencyManager/Pods-CurrencyManager-frameworks.sh\"\n";
			showEnvVarsInLog = 0;
		};
/* End PBXShellScriptBuildPhase section */

/* Begin PBXSourcesBuildPhase section */
		B9E49948264D7A84006164A4 /* Sources */ = {
			isa = PBXSourcesBuildPhase;
			buildActionMask = 2147483647;
			files = (
				B975B6E5267E7BA2001829D1 /* ExchangerModel.swift in Sources */,
				B975B6EC267E7EC8001829D1 /* HomePageViewController.swift in Sources */,
				B9AA5C922677E5F80027FDBA /* BankModel.swift in Sources */,
				B975B6EA267E7EB2001829D1 /* HomePageCell.swift in Sources */,
				B975B6F92680B465001829D1 /* ShareViewController.swift in Sources */,
				B975B6F326809092001829D1 /* DetailsHeaderView.swift in Sources */,
				B975B6F5268090BF001829D1 /* DetailsSectionHeaderView.swift in Sources */,
				B9E49950264D7A84006164A4 /* AppDelegate.swift in Sources */,
				B975B6F126809076001829D1 /* DetailsRateCell.swift in Sources */,
				B975B6E7267E7D30001829D1 /* RatesModel.swift in Sources */,
				B975B6F7268090F2001829D1 /* DetailsViewController.swift in Sources */,
				B975B6FB2680C5C8001829D1 /* MapViewController.swift in Sources */,
			);
			runOnlyForDeploymentPostprocessing = 0;
		};
/* End PBXSourcesBuildPhase section */

/* Begin PBXVariantGroup section */
		B9E4995A264D7A88006164A4 /* LaunchScreen.storyboard */ = {
			isa = PBXVariantGroup;
			children = (
				B9E4995B264D7A88006164A4 /* Base */,
			);
			name = LaunchScreen.storyboard;
			sourceTree = "<group>";
		};
/* End PBXVariantGroup section */

/* Begin XCBuildConfiguration section */
		B9E4995E264D7A88006164A4 /* Debug */ = {
			isa = XCBuildConfiguration;
			buildSettings = {
				ALWAYS_SEARCH_USER_PATHS = NO;
				CLANG_ANALYZER_NONNULL = YES;
				CLANG_ANALYZER_NUMBER_OBJECT_CONVERSION = YES_AGGRESSIVE;
				CLANG_CXX_LANGUAGE_STANDARD = "gnu++14";
				CLANG_CXX_LIBRARY = "libc++";
				CLANG_ENABLE_MODULES = YES;
				CLANG_ENABLE_OBJC_ARC = YES;
				CLANG_ENABLE_OBJC_WEAK = YES;
				CLANG_WARN_BLOCK_CAPTURE_AUTORELEASING = YES;
				CLANG_WARN_BOOL_CONVERSION = YES;
				CLANG_WARN_COMMA = YES;
				CLANG_WARN_CONSTANT_CONVERSION = YES;
				CLANG_WARN_DEPRECATED_OBJC_IMPLEMENTATIONS = YES;
				CLANG_WARN_DIRECT_OBJC_ISA_USAGE = YES_ERROR;
				CLANG_WARN_DOCUMENTATION_COMMENTS = YES;
				CLANG_WARN_EMPTY_BODY = YES;
				CLANG_WARN_ENUM_CONVERSION = YES;
				CLANG_WARN_INFINITE_RECURSION = YES;
				CLANG_WARN_INT_CONVERSION = YES;
				CLANG_WARN_NON_LITERAL_NULL_CONVERSION = YES;
				CLANG_WARN_OBJC_IMPLICIT_RETAIN_SELF = YES;
				CLANG_WARN_OBJC_LITERAL_CONVERSION = YES;
				CLANG_WARN_OBJC_ROOT_CLASS = YES_ERROR;
				CLANG_WARN_QUOTED_INCLUDE_IN_FRAMEWORK_HEADER = YES;
				CLANG_WARN_RANGE_LOOP_ANALYSIS = YES;
				CLANG_WARN_STRICT_PROTOTYPES = YES;
				CLANG_WARN_SUSPICIOUS_MOVE = YES;
				CLANG_WARN_UNGUARDED_AVAILABILITY = YES_AGGRESSIVE;
				CLANG_WARN_UNREACHABLE_CODE = YES;
				CLANG_WARN__DUPLICATE_METHOD_MATCH = YES;
				COPY_PHASE_STRIP = NO;
				DEBUG_INFORMATION_FORMAT = dwarf;
				ENABLE_STRICT_OBJC_MSGSEND = YES;
				ENABLE_TESTABILITY = YES;
				GCC_C_LANGUAGE_STANDARD = gnu11;
				GCC_DYNAMIC_NO_PIC = NO;
				GCC_NO_COMMON_BLOCKS = YES;
				GCC_OPTIMIZATION_LEVEL = 0;
				GCC_PREPROCESSOR_DEFINITIONS = (
					"DEBUG=1",
					"$(inherited)",
				);
				GCC_WARN_64_TO_32_BIT_CONVERSION = YES;
				GCC_WARN_ABOUT_RETURN_TYPE = YES_ERROR;
				GCC_WARN_UNDECLARED_SELECTOR = YES;
				GCC_WARN_UNINITIALIZED_AUTOS = YES_AGGRESSIVE;
				GCC_WARN_UNUSED_FUNCTION = YES;
				GCC_WARN_UNUSED_VARIABLE = YES;
				IPHONEOS_DEPLOYMENT_TARGET = 14.5;
				MTL_ENABLE_DEBUG_INFO = INCLUDE_SOURCE;
				MTL_FAST_MATH = YES;
				ONLY_ACTIVE_ARCH = YES;
				SDKROOT = iphoneos;
				SWIFT_ACTIVE_COMPILATION_CONDITIONS = DEBUG;
				SWIFT_OPTIMIZATION_LEVEL = "-Onone";
			};
			name = Debug;
		};
		B9E4995F264D7A88006164A4 /* Release */ = {
			isa = XCBuildConfiguration;
			buildSettings = {
				ALWAYS_SEARCH_USER_PATHS = NO;
				CLANG_ANALYZER_NONNULL = YES;
				CLANG_ANALYZER_NUMBER_OBJECT_CONVERSION = YES_AGGRESSIVE;
				CLANG_CXX_LANGUAGE_STANDARD = "gnu++14";
				CLANG_CXX_LIBRARY = "libc++";
				CLANG_ENABLE_MODULES = YES;
				CLANG_ENABLE_OBJC_ARC = YES;
				CLANG_ENABLE_OBJC_WEAK = YES;
				CLANG_WARN_BLOCK_CAPTURE_AUTORELEASING = YES;
				CLANG_WARN_BOOL_CONVERSION = YES;
				CLANG_WARN_COMMA = YES;
				CLANG_WARN_CONSTANT_CONVERSION = YES;
				CLANG_WARN_DEPRECATED_OBJC_IMPLEMENTATIONS = YES;
				CLANG_WARN_DIRECT_OBJC_ISA_USAGE = YES_ERROR;
				CLANG_WARN_DOCUMENTATION_COMMENTS = YES;
				CLANG_WARN_EMPTY_BODY = YES;
				CLANG_WARN_ENUM_CONVERSION = YES;
				CLANG_WARN_INFINITE_RECURSION = YES;
				CLANG_WARN_INT_CONVERSION = YES;
				CLANG_WARN_NON_LITERAL_NULL_CONVERSION = YES;
				CLANG_WARN_OBJC_IMPLICIT_RETAIN_SELF = YES;
				CLANG_WARN_OBJC_LITERAL_CONVERSION = YES;
				CLANG_WARN_OBJC_ROOT_CLASS = YES_ERROR;
				CLANG_WARN_QUOTED_INCLUDE_IN_FRAMEWORK_HEADER = YES;
				CLANG_WARN_RANGE_LOOP_ANALYSIS = YES;
				CLANG_WARN_STRICT_PROTOTYPES = YES;
				CLANG_WARN_SUSPICIOUS_MOVE = YES;
				CLANG_WARN_UNGUARDED_AVAILABILITY = YES_AGGRESSIVE;
				CLANG_WARN_UNREACHABLE_CODE = YES;
				CLANG_WARN__DUPLICATE_METHOD_MATCH = YES;
				COPY_PHASE_STRIP = NO;
				DEBUG_INFORMATION_FORMAT = "dwarf-with-dsym";
				ENABLE_NS_ASSERTIONS = NO;
				ENABLE_STRICT_OBJC_MSGSEND = YES;
				GCC_C_LANGUAGE_STANDARD = gnu11;
				GCC_NO_COMMON_BLOCKS = YES;
				GCC_WARN_64_TO_32_BIT_CONVERSION = YES;
				GCC_WARN_ABOUT_RETURN_TYPE = YES_ERROR;
				GCC_WARN_UNDECLARED_SELECTOR = YES;
				GCC_WARN_UNINITIALIZED_AUTOS = YES_AGGRESSIVE;
				GCC_WARN_UNUSED_FUNCTION = YES;
				GCC_WARN_UNUSED_VARIABLE = YES;
				IPHONEOS_DEPLOYMENT_TARGET = 14.5;
				MTL_ENABLE_DEBUG_INFO = NO;
				MTL_FAST_MATH = YES;
				SDKROOT = iphoneos;
				SWIFT_COMPILATION_MODE = wholemodule;
				SWIFT_OPTIMIZATION_LEVEL = "-O";
				VALIDATE_PRODUCT = YES;
			};
			name = Release;
		};
		B9E49961264D7A88006164A4 /* Debug */ = {
			isa = XCBuildConfiguration;
			baseConfigurationReference = 01340A442B7CFDD02EC454C4 /* Pods-CurrencyManager.debug.xcconfig */;
			buildSettings = {
				ASSETCATALOG_COMPILER_APPICON_NAME = AppIcon;
				ASSETCATALOG_COMPILER_GLOBAL_ACCENT_COLOR_NAME = AccentColor;
				CODE_SIGN_STYLE = Automatic;
				DEVELOPMENT_TEAM = FVJU929GFT;
				INFOPLIST_FILE = CurrencyManager/Info.plist;
				IPHONEOS_DEPLOYMENT_TARGET = 12.0;
				LD_RUNPATH_SEARCH_PATHS = (
					"$(inherited)",
					"@executable_path/Frameworks",
				);
				PRODUCT_BUNDLE_IDENTIFIER = com.AwsShkara.CurrencyManager;
				PRODUCT_NAME = "$(TARGET_NAME)";
				SWIFT_VERSION = 5.0;
				TARGETED_DEVICE_FAMILY = 1;
			};
			name = Debug;
		};
		B9E49962264D7A88006164A4 /* Release */ = {
			isa = XCBuildConfiguration;
			baseConfigurationReference = 5042E2DC53B51ECF9A653FE4 /* Pods-CurrencyManager.release.xcconfig */;
			buildSettings = {
				ASSETCATALOG_COMPILER_APPICON_NAME = AppIcon;
				ASSETCATALOG_COMPILER_GLOBAL_ACCENT_COLOR_NAME = AccentColor;
				CODE_SIGN_STYLE = Automatic;
				DEVELOPMENT_TEAM = FVJU929GFT;
				INFOPLIST_FILE = CurrencyManager/Info.plist;
				IPHONEOS_DEPLOYMENT_TARGET = 12.0;
				LD_RUNPATH_SEARCH_PATHS = (
					"$(inherited)",
					"@executable_path/Frameworks",
				);
				PRODUCT_BUNDLE_IDENTIFIER = com.AwsShkara.CurrencyManager;
				PRODUCT_NAME = "$(TARGET_NAME)";
				SWIFT_VERSION = 5.0;
				TARGETED_DEVICE_FAMILY = 1;
			};
			name = Release;
		};
/* End XCBuildConfiguration section */

/* Begin XCConfigurationList section */
		B9E49947264D7A84006164A4 /* Build configuration list for PBXProject "CurrencyManager" */ = {
			isa = XCConfigurationList;
			buildConfigurations = (
				B9E4995E264D7A88006164A4 /* Debug */,
				B9E4995F264D7A88006164A4 /* Release */,
			);
			defaultConfigurationIsVisible = 0;
			defaultConfigurationName = Release;
		};
		B9E49960264D7A88006164A4 /* Build configuration list for PBXNativeTarget "CurrencyManager" */ = {
			isa = XCConfigurationList;
			buildConfigurations = (
				B9E49961264D7A88006164A4 /* Debug */,
				B9E49962264D7A88006164A4 /* Release */,
			);
			defaultConfigurationIsVisible = 0;
			defaultConfigurationName = Release;
		};
/* End XCConfigurationList section */
	};
	rootObject = B9E49944264D7A84006164A4 /* Project object */;
}
